Microsoft Visual Studio Solution File, Format Version 12.00
# Visual Studio Version 17
VisualStudioVersion = 17.5.2.0
MinimumVisualStudioVersion = 10.0.40219.1
Project("{FAE04EC0-301F-11D3-BF4B-00C04F79EFBC}") = "AurumLab", "AurumLab.csproj", "{57F4C3FE-717D-DA74-63BE-AB8B2D4BAA40}"
EndProject
Global
	GlobalSection(SolutionConfigurationPlatforms) = preSolution
		Debug|Any CPU = Debug|Any CPU
		Release|Any CPU = Release|Any CPU
	EndGlobalSection
	GlobalSection(ProjectConfigurationPlatforms) = postSolution
		{57F4C3FE-717D-DA74-63BE-AB8B2D4BAA40}.Debug|Any CPU.ActiveCfg = Debug|Any CPU
		{57F4C3FE-717D-DA74-63BE-AB8B2D4BAA40}.Debug|Any CPU.Build.0 = Debug|Any CPU
		{57F4C3FE-717D-DA74-63BE-AB8B2D4BAA40}.Release|Any CPU.ActiveCfg = Release|Any CPU
		{57F4C3FE-717D-DA74-63BE-AB8B2D4BAA40}.Release|Any CPU.Build.0 = Release|Any CPU
	EndGlobalSection
	GlobalSection(SolutionProperties) = preSolution
		HideSolutionNode = FALSE
	EndGlobalSection
	GlobalSection(ExtensibilityGlobals) = postSolution
		SolutionGuid = {C943876C-0F78-4FEF-A8C7-704B38AAB94D}
	EndGlobalSection
EndGlobal
